
Microsoft Visual Studio Solution File, Format Version 12.00
# Visual Studio 15
VisualStudioVersion = 15.0.28307.705
MinimumVisualStudioVersion = 10.0.40219.1
Project("{FAE04EC0-301F-11D3-BF4B-00C04F79EFBC}") = "Task_1", "HomeWork_11\Task_1.csproj", "{D5B79B4A-E988-4619-B5BC-DBD37FD715C3}"
EndProject
Project("{FAE04EC0-301F-11D3-BF4B-00C04F79EFBC}") = "Task_2", "Task_2\Task_2.csproj", "{DF0FC084-75BA-405B-B3A5-99407D31BA10}"
EndProject
Global
	GlobalSection(SolutionConfigurationPlatforms) = preSolution
		Debug|Any CPU = Debug|Any CPU
		Release|Any CPU = Release|Any CPU
	EndGlobalSection
	GlobalSection(ProjectConfigurationPlatforms) = postSolution
		{D5B79B4A-E988-4619-B5BC-DBD37FD715C3}.Debug|Any CPU.ActiveCfg = Debug|Any CPU
		{D5B79B4A-E988-4619-B5BC-DBD37FD715C3}.Debug|Any CPU.Build.0 = Debug|Any CPU
		{D5B79B4A-E988-4619-B5BC-DBD37FD715C3}.Release|Any CPU.ActiveCfg = Release|Any CPU
		{D5B79B4A-E988-4619-B5BC-DBD37FD715C3}.Release|Any CPU.Build.0 = Release|Any CPU
		{DF0FC084-75BA-405B-B3A5-99407D31BA10}.Debug|Any CPU.ActiveCfg = Debug|Any CPU
		{DF0FC084-75BA-405B-B3A5-99407D31BA10}.Debug|Any CPU.Build.0 = Debug|Any CPU
		{DF0FC084-75BA-405B-B3A5-99407D31BA10}.Release|Any CPU.ActiveCfg = Release|Any CPU
		{DF0FC084-75BA-405B-B3A5-99407D31BA10}.Release|Any CPU.Build.0 = Release|Any CPU
	EndGlobalSection
	GlobalSection(SolutionProperties) = preSolution
		HideSolutionNode = FALSE
	EndGlobalSection
	GlobalSection(ExtensibilityGlobals) = postSolution
		SolutionGuid = {367970FF-1623-44E0-A93F-E7A170EA6306}
	EndGlobalSection
EndGlobal
